
Microsoft Visual Studio Solution File, Format Version 12.00
# Visual Studio Version 16
VisualStudioVersion = 16.0.31410.357
MinimumVisualStudioVersion = 10.0.40219.1
Project("{FAE04EC0-301F-11D3-BF4B-00C04F79EFBC}") = "AlphabetWar", "ConsoleApp1\AlphabetWar.csproj", "{07C0BBA4-9976-48F1-9FD0-DB474D7C679C}"
EndProject
Project("{FAE04EC0-301F-11D3-BF4B-00C04F79EFBC}") = "Pandemia", "Tuple\Pandemia.csproj", "{3465EA68-F94C-4D58-8CFA-A51AA885E034}"
EndProject
Global
	GlobalSection(SolutionConfigurationPlatforms) = preSolution
		Debug|Any CPU = Debug|Any CPU
		Release|Any CPU = Release|Any CPU
	EndGlobalSection
	GlobalSection(ProjectConfigurationPlatforms) = postSolution
		{07C0BBA4-9976-48F1-9FD0-DB474D7C679C}.Debug|Any CPU.ActiveCfg = Debug|Any CPU
		{07C0BBA4-9976-48F1-9FD0-DB474D7C679C}.Debug|Any CPU.Build.0 = Debug|Any CPU
		{07C0BBA4-9976-48F1-9FD0-DB474D7C679C}.Release|Any CPU.ActiveCfg = Release|Any CPU
		{07C0BBA4-9976-48F1-9FD0-DB474D7C679C}.Release|Any CPU.Build.0 = Release|Any CPU
		{3465EA68-F94C-4D58-8CFA-A51AA885E034}.Debug|Any CPU.ActiveCfg = Debug|Any CPU
		{3465EA68-F94C-4D58-8CFA-A51AA885E034}.Debug|Any CPU.Build.0 = Debug|Any CPU
		{3465EA68-F94C-4D58-8CFA-A51AA885E034}.Release|Any CPU.ActiveCfg = Release|Any CPU
		{3465EA68-F94C-4D58-8CFA-A51AA885E034}.Release|Any CPU.Build.0 = Release|Any CPU
	EndGlobalSection
	GlobalSection(SolutionProperties) = preSolution
		HideSolutionNode = FALSE
	EndGlobalSection
	GlobalSection(ExtensibilityGlobals) = postSolution
		SolutionGuid = {6D9D2083-5AB6-4A1D-A025-BF1CD6809FD0}
	EndGlobalSection
EndGlobal
